w{
    "name": "html-editor",
    "version": "1.0.0",
    "lockfileVersion": 2,
    "requires": true,
    "packages": {
        "": {
            "version": "1.0.0",
            "dependencies": {
                "prosemirror-commands": "^1.1.7",
                "prosemirror-dropcursor": "^1.3.3",
                "prosemirror-gapcursor": "^1.1.5",
                "prosemirror-history": "^1.1.3",
                "prosemirror-inputrules": "^1.1.3",
                "prosemirror-keymap": "^1.1.4",
                "prosemirror-schema-basic": "^1.1.2",
                "prosemirror-schema-list": "^1.1.4",
                "prosemirror-state": "^1.3.4",
                "prosemirror-tables": "^1.1.1",
                "prosemirror-utils": "^0.9.6",
                "prosemirror-view": "^1.18.1"
            },
            "devDependencies": {
                "@types/prosemirror-commands": "^1.0.4",
                "@types/prosemirror-dropcursor": "^1.0.1",
                "@types/prosemirror-gapcursor": "^1.0.3",
                "@types/prosemirror-history": "^1.0.2",
                "@types/prosemirror-inputrules": "^1.0.4",
                "@types/prosemirror-keymap": "^1.0.4",
                "@types/prosemirror-model": "^1.12.0",
                "@types/prosemirror-schema-basic": "^1.0.2",
                "@types/prosemirror-schema-list": "^1.0.3",
                "@types/prosemirror-state": "^1.2.6",
                "@types/prosemirror-view": "^1.17.1"
            }
        },
        "node_modules/@types/orderedmap": {
            "version": "1.0.0",
            "resolved": "https://registry.npmjs.org/@types/orderedmap/-/orderedmap-1.0.0.tgz",
            "integrity": "sha512-dxKo80TqYx3YtBipHwA/SdFmMMyLCnP+5mkEqN0eMjcTBzHkiiX0ES118DsjDBjvD+zeSsSU9jULTZ+frog+Gw==",
            "dev": true
        },
        "node_modules/@types/prosemirror-commands": {
            "version": "1.0.4",
            "resolved": "https://registry.npmjs.org/@types/prosemirror-commands/-/prosemirror-commands-1.0.4.tgz",
            "integrity": "sha512-utDNYB3EXLjAfYIcRWJe6pn3kcQ5kG4RijbT/0Y/TFOm6yhvYS/D9eJVnijdg9LDjykapcezchxGRqFD5LcyaQ==",
            "dev": true,
            "dependencies": {
                "@types/prosemirror-model": "*",
                "@types/prosemirror-state": "*",
                "@types/prosemirror-view": "*"
            }
        },
        "node_modules/@types/prosemirror-dropcursor": {
            "version": "1.0.1",
            "resolved": "https://registry.npmjs.org/@types/prosemirror-dropcursor/-/prosemirror-dropcursor-1.0.1.tgz",
            "integrity": "sha512-nHokhFypOZjknolZBm2XShlR7fx1IUcCiA3S2fBwmAraWu6zv3gboDSwwFpoS9UB2xKc4ismAmBxh2bpL3YNkg==",
            "dev": true,
            "dependencies": {
                "@types/prosemirror-state": "*"
            }
        },
        "node_modules/@types/prosemirror-gapcursor": {
            "version": "1.0.3",
            "resolved": "https://registry.npmjs.org/@types/prosemirror-gapcursor/-/prosemirror-gapcursor-1.0.3.tgz",
            "integrity": "sha512-kBVjjbMmUk7ZsgpI1NOyY15makulu1skEGr+V9GgY7GQnT9vqjo8/XiNSgSj9s9vRTsTb/KAaTI9KJwWlhbhxQ==",
            "dev": true,
            "dependencies": {
                "@types/prosemirror-model": "*",
                "@types/prosemirror-state": "*"
            }
        },
        "node_modules/@types/prosemirror-history": {
            "version": "1.0.2",
            "resolved": "https://registry.npmjs.org/@types/prosemirror-history/-/prosemirror-history-1.0.2.tgz",
            "integrity": "sha512-AcfpWo+HkIuvq/H2zYjIMi2jxa2GWfYaTNiFTB2sigjkpWNM93CIlb7Cimy/4vNH8lVPp0GwLBjYIMRX6zOUyA==",
            "dev": true,
            "dependencies": {
                "@types/prosemirror-model": "*",
                "@types/prosemirror-state": "*"
            }
        },
        "node_modules/@types/prosemirror-inputrules": {
            "version": "1.0.4",
            "resolved": "https://registry.npmjs.org/@types/prosemirror-inputrules/-/prosemirror-inputrules-1.0.4.tgz",
            "integrity": "sha512-lJIMpOjO47SYozQybUkpV6QmfuQt7GZKHtVrvS+mR5UekA8NMC5HRIVMyaIauJLWhKU6oaNjpVaXdw41kh165g==",
            "dev": true,
            "dependencies": {
                "@types/prosemirror-model": "*",
                "@types/prosemirror-state": "*"
            }
        },
        "node_modules/@types/prosemirror-keymap": {
            "version": "1.0.4",
            "resolved": "https://registry.npmjs.org/@types/prosemirror-keymap/-/prosemirror-keymap-1.0.4.tgz",
            "integrity": "sha512-ycevwkqUh+jEQtPwqO7sWGcm+Sybmhu8MpBsM8DlO3+YTKnXbKA6SDz/+q14q1wK3UA8lHJyfR+v+GPxfUSemg==",
            "dev": true,
            "dependencies": {
                "@types/prosemirror-commands": "*",
                "@types/prosemirror-model": "*",
                "@types/prosemirror-state": "*",
                "@types/prosemirror-view": "*"
            }
        },
        "node_modules/@types/prosemirror-model": {
            "version": "1.12.0",
            "resolved": "https://registry.npmjs.org/@types/prosemirror-model/-/prosemirror-model-1.12.0.tgz",
            "integrity": "sha512-IBiaUED/iiDOy3bmrRuQuwIsCFKNcF+S/3cU1+zGoHdrVtpTDtPkDyAo7OvirGfnpgp+QgrOLJveqnihGy3quA==",
            "dev": true,
            "dependencies": {
                "@types/orderedmap": "*"
            }
        },
        "node_modules/@types/prosemirror-schema-basic": {
            "version": "1.0.2",
            "resolved": "https://registry.npmjs.org/@types/prosemirror-schema-basic/-/prosemirror-schema-basic-1.0.2.tgz",
            "integrity": "sha512-dzT/6t+dq8/On1be0yarcOIu8wROjhK8QB5wslpLbtTIr5wb0iQv/esJm/KAHcD/PBXR9nSV4TL5AtQmBrcRnw==",
            "dev": true,
            "dependencies": {
                "@types/prosemirror-model": "*"
            }
        },
        "node_modules/@types/prosemirror-schema-list": {
            "version": "1.0.3",
            "resolved": "https://registry.npmjs.org/@types/prosemirror-schema-list/-/prosemirror-schema-list-1.0.3.tgz",
            "integrity": "sha512-uWybOf+M2Ea7rlbs0yLsS4YJYNGXYtn4N+w8HCw3Vvfl6wBAROzlMt0gV/D/VW/7J/LlAjwMezuGe8xi24HzXA==",
            "dev": true,
            "dependencies": {
                "@types/orderedmap": "*",
                "@types/prosemirror-model": "*",
                "@types/prosemirror-state": "*"
            }
        },
        "node_modules/@types/prosemirror-state": {
            "version": "1.2.6",
            "resolved": "https://registry.npmjs.org/@types/prosemirror-state/-/prosemirror-state-1.2.6.tgz",
            "integrity": "sha512-tJo0wC+/cQvbrPDVx01Fnng9Fs41bAMVxgJY1KLOyIsUPN0otUN1KdoQurLMmHNHTvIna9ZXxjZD//xJKLYfJw==",
            "dev": true,
            "dependencies": {
                "@types/prosemirror-model": "*",
                "@types/prosemirror-transform": "*",
                "@types/prosemirror-view": "*"
            }
        },
        "node_modules/@types/prosemirror-transform": {
            "version": "1.1.2",
            "resolved": "https://registry.npmjs.org/@types/prosemirror-transform/-/prosemirror-transform-1.1.2.tgz",
            "integrity": "sha512-Ozyvs5Dquc49gaFysmC4gNhv6E65r569HSzw4RXdZgIljZ5Y9K4kHFlDvsWBBDH19+1178X9LMmM9J620O6Bug==",
            "dev": true,
            "dependencies": {
                "@types/prosemirror-model": "*"
            }
        },
        "node_modules/@types/prosemirror-view": {
            "version": "1.17.1",
            "resolved": "https://registry.npmjs.org/@types/prosemirror-view/-/prosemirror-view-1.17.1.tgz",
            "integrity": "sha512-PNiGGc6BffxHQzMR09UUilsBR8xFPDsKiPIXb4K/g56voPIvqq1pqySnWFfSR50Vo4ZL0tss3VBLWiiiKzVahQ==",
            "dev": true,
            "dependencies": {
                "@types/prosemirror-model": "*",
                "@types/prosemirror-state": "*",
                "@types/prosemirror-transform": "*"
            }
        },
        "node_modules/orderedmap": {
            "version": "1.1.1",
            "resolved": "https://registry.npmjs.org/orderedmap/-/orderedmap-1.1.1.tgz",
            "integrity": "sha512-3Ux8um0zXbVacKUkcytc0u3HgC0b0bBLT+I60r2J/En72cI0nZffqrA7Xtf2Hqs27j1g82llR5Mhbd0Z1XW4AQ=="
        },
        "node_modules/prosemirror-commands": {
            "version": "1.1.7",
            "resolved": "https://registry.npmjs.org/prosemirror-commands/-/prosemirror-commands-1.1.7.tgz",
            "integrity": "sha512-tuQr8q5euDjE+WAHWmu1JMLYWsPfUDH80QLLpnQrPYOPysO26FZyyHwEvA0+hUzvF8fOt1oMj0+/YM9UsPkZiA==",
            "dependencies": {
                "prosemirror-model": "^1.0.0",
                "prosemirror-state": "^1.0.0",
                "prosemirror-transform": "^1.0.0"
            }
        },
        "node_modules/prosemirror-dropcursor": {
            "version": "1.3.3",
            "resolved": "https://registry.npmjs.org/prosemirror-dropcursor/-/prosemirror-dropcursor-1.3.3.tgz",
            "integrity": "sha512-zavE+wh+qkDcP7LaWn+jXVujGyQzBYSmM8E2HSngQ3KaaR+HJYgEBYGs9ynLHqKWLlLCXsxWdVYPV49v4caFyg==",
            "dependencies": {
                "prosemirror-state": "^1.0.0",
                "prosemirror-transform": "^1.1.0",
                "prosemirror-view": "^1.1.0"
            }
        },
        "node_modules/prosemirror-gapcursor": {
            "version": "1.1.5",
            "resolved": "https://registry.npmjs.org/prosemirror-gapcursor/-/prosemirror-gapcursor-1.1.5.tgz",
            "integrity": "sha512-SjbUZq5pgsBDuV3hu8GqgIpZR5eZvGLM+gPQTqjVVYSMUCfKW3EGXTEYaLHEl1bGduwqNC95O3bZflgtAb4L6w==",
            "dependencies": {
                "prosemirror-keymap": "^1.0.0",
                "prosemirror-model": "^1.0.0",
                "prosemirror-state": "^1.0.0",
                "prosemirror-view": "^1.0.0"
            }
        },
        "node_modules/prosemirror-history": {
            "version": "1.1.3",
            "resolved": "https://registry.npmjs.org/prosemirror-history/-/prosemirror-history-1.1.3.tgz",
            "integrity": "sha512-zGDotijea+vnfnyyUGyiy1wfOQhf0B/b6zYcCouBV8yo6JmrE9X23M5q7Nf/nATywEZbgRLG70R4DmfSTC+gfg==",
            "dependencies": {
                "prosemirror-state": "^1.2.2",
                "prosemirror-transform": "^1.0.0",
                "rope-sequence": "^1.3.0"
            }
        },
        "node_modules/prosemirror-inputrules": {
            "version": "1.1.3",
            "resolved": "https://registry.npmjs.org/prosemirror-inputrules/-/prosemirror-inputrules-1.1.3.tgz",
            "integrity": "sha512-ZaHCLyBtvbyIHv0f5p6boQTIJjlD6o2NPZiEaZWT2DA+j591zS29QQEMT4lBqwcLW3qRSf7ZvoKNbf05YrsStw==",
            "dependencies": {
                "prosemirror-state": "^1.0.0",
                "prosemirror-transform": "^1.0.0"
            }
        },
        "node_modules/prosemirror-keymap": {
            "version": "1.1.4",
            "resolved": "https://registry.npmjs.org/prosemirror-keymap/-/prosemirror-keymap-1.1.4.tgz",
            "integrity": "sha512-Al8cVUOnDFL4gcI5IDlG6xbZ0aOD/i3B17VT+1JbHWDguCgt/lBHVTHUBcKvvbSg6+q/W4Nj1Fu6bwZSca3xjg==",
            "dependencies": {
                "prosemirror-state": "^1.0.0",
                "w3c-keyname": "^2.2.0"
            }
        },
        "node_modules/prosemirror-model": {
            "version": "1.13.3",
            "resolved": "https://registry.npmjs.org/prosemirror-model/-/prosemirror-model-1.13.3.tgz",
            "integrity": "sha512-wujIYYQEcxdkbKmIJiekVjqtylKxuoEcc+w2PnN7Itc58m/75J4rCUz2dibygVQJFi3gZrD2DNFLjOS6LP4w1g==",
            "dependencies": {
                "orderedmap": "^1.1.0"
            }
        },
        "node_modules/prosemirror-schema-basic": {
            "version": "1.1.2",
            "resolved": "https://registry.npmjs.org/prosemirror-schema-basic/-/prosemirror-schema-basic-1.1.2.tgz",
            "integrity": "sha512-G4q8WflNsR1Q33QAV4MQO0xWrHLOJ+BQcKswGXMy626wlQj6c/1n1v4eC9ns+h2y1r/fJHZEgSZnsNhm9lbrDw==",
            "dependencies": {
                "prosemirror-model": "^1.2.0"
            }
        },
        "node_modules/prosemirror-schema-list": {
            "version": "1.1.4",
            "resolved": "https://registry.npmjs.org/prosemirror-schema-list/-/prosemirror-schema-list-1.1.4.tgz",
            "integrity": "sha512-pNTuZflacFOBlxrTcWSdWhjoB8BaucwfJVp/gJNxztOwaN3wQiC65axclXyplf6TKgXD/EkWfS/QAov3/Znadw==",
            "dependencies": {
                "prosemirror-model": "^1.0.0",
                "prosemirror-transform": "^1.0.0"
            }
        },
        "node_modules/prosemirror-state": {
            "version": "1.3.4",
            "resolved": "https://registry.npmjs.org/prosemirror-state/-/prosemirror-state-1.3.4.tgz",
            "integrity": "sha512-Xkkrpd1y/TQ6HKzN3agsQIGRcLckUMA9u3j207L04mt8ToRgpGeyhbVv0HI7omDORIBHjR29b7AwlATFFf2GLA==",
            "dependencies": {
                "prosemirror-model": "^1.0.0",
                "prosemirror-transform": "^1.0.0"
            }
        },
        "node_modules/prosemirror-tables": {
            "version": "1.1.1",
            "resolved": "https://registry.npmjs.org/prosemirror-tables/-/prosemirror-tables-1.1.1.tgz",
            "integrity": "sha512-LmCz4jrlqQZRsYRDzCRYf/pQ5CUcSOyqZlAj5kv67ZWBH1SVLP2U9WJEvQfimWgeRlIz0y0PQVqO1arRm1+woA==",
            "dependencies": {
                "prosemirror-keymap": "^1.1.2",
                "prosemirror-model": "^1.8.1",
                "prosemirror-state": "^1.3.1",
                "prosemirror-transform": "^1.2.1",
                "prosemirror-view": "^1.13.3"
            }
        },
        "node_modules/prosemirror-transform": {
            "version": "1.2.12",
            "resolved": "https://registry.npmjs.org/prosemirror-transform/-/prosemirror-transform-1.2.12.tgz",
            "integrity": "sha512-S73syqLcGBq6QiPaF7vriB8kpvK/aIFsnErrriKaFLSiE/GxMgBc62TPhNQAeGQr7/9GCDApIReTsJFcMt4o2w==",
            "dependencies": {
                "prosemirror-model": "^1.0.0"
            }
        },
        "node_modules/prosemirror-utils": {
            "version": "0.9.6",
            "resolved": "https://registry.npmjs.org/prosemirror-utils/-/prosemirror-utils-0.9.6.tgz",
            "integrity": "sha512-UC+j9hQQ1POYfMc5p7UFxBTptRiGPR7Kkmbl3jVvU8VgQbkI89tR/GK+3QYC8n+VvBZrtAoCrJItNhWSxX3slA==",
            "peerDependencies": {
                "prosemirror-model": "^1.0.0",
                "prosemirror-state": "^1.0.1",
                "prosemirror-tables": "^0.9.1"
            }
        },
        "node_modules/prosemirror-view": {
            "version": "1.18.1",
            "resolved": "https://registry.npmjs.org/prosemirror-view/-/prosemirror-view-1.18.1.tgz",
            "integrity": "sha512-TZd8byDRfdopLiokBY7T27msCSfWqqRxWs/LnBbdI030F+iI2kS+tO59/XFnpZxMLFKlJgOgGGhM9SzD1Nwdxw==",
            "dependencies": {
                "prosemirror-model": "^1.1.0",
                "prosemirror-state": "^1.0.0",
                "prosemirror-transform": "^1.1.0"
            }
        },
        "node_modules/rope-sequence": {
            "version": "1.3.2",
            "resolved": "https://registry.npmjs.org/rope-sequence/-/rope-sequence-1.3.2.tgz",
            "integrity": "sha512-ku6MFrwEVSVmXLvy3dYph3LAMNS0890K7fabn+0YIRQ2T96T9F4gkFf0vf0WW0JUraNWwGRtInEpH7yO4tbQZg=="
        },
        "node_modules/w3c-keyname": {
            "version": "2.2.4",
            "resolved": "https://registry.npmjs.org/w3c-keyname/-/w3c-keyname-2.2.4.tgz",
            "integrity": "sha512-tOhfEwEzFLJzf6d1ZPkYfGj+FWhIpBux9ppoP3rlclw3Z0BZv3N7b7030Z1kYth+6rDuAsXUFr+d0VE6Ed1ikw=="
        }
    },
    "dependencies": {
        "@types/orderedmap": {
            "version": "1.0.0",
            "resolved": "https://registry.npmjs.org/@types/orderedmap/-/orderedmap-1.0.0.tgz",
            "integrity": "sha512-dxKo80TqYx3YtBipHwA/SdFmMMyLCnP+5mkEqN0eMjcTBzHkiiX0ES118DsjDBjvD+zeSsSU9jULTZ+frog+Gw==",
            "dev": true
        },
        "@types/prosemirror-commands": {
            "version": "1.0.4",
            "resolved": "https://registry.npmjs.org/@types/prosemirror-commands/-/prosemirror-commands-1.0.4.tgz",
            "integrity": "sha512-utDNYB3EXLjAfYIcRWJe6pn3kcQ5kG4RijbT/0Y/TFOm6yhvYS/D9eJVnijdg9LDjykapcezchxGRqFD5LcyaQ==",
            "dev": true,
            "requires": {
                "@types/prosemirror-model": "*",
                "@types/prosemirror-state": "*",
                "@types/prosemirror-view": "*"
            }
        },
        "@types/prosemirror-dropcursor": {
            "version": "1.0.1",
            "resolved": "https://registry.npmjs.org/@types/prosemirror-dropcursor/-/prosemirror-dropcursor-1.0.1.tgz",
            "integrity": "sha512-nHokhFypOZjknolZBm2XShlR7fx1IUcCiA3S2fBwmAraWu6zv3gboDSwwFpoS9UB2xKc4ismAmBxh2bpL3YNkg==",
            "dev": true,
            "requires": {
                "@types/prosemirror-state": "*"
            }
        },
        "@types/prosemirror-gapcursor": {
            "version": "1.0.3",
            "resolved": "https://registry.npmjs.org/@types/prosemirror-gapcursor/-/prosemirror-gapcursor-1.0.3.tgz",
            "integrity": "sha512-kBVjjbMmUk7ZsgpI1NOyY15makulu1skEGr+V9GgY7GQnT9vqjo8/XiNSgSj9s9vRTsTb/KAaTI9KJwWlhbhxQ==",
            "dev": true,
            "requires": {
                "@types/prosemirror-model": "*",
                "@types/prosemirror-state": "*"
            }
        },
        "@types/prosemirror-history": {
            "version": "1.0.2",
            "resolved": "https://registry.npmjs.org/@types/prosemirror-history/-/prosemirror-history-1.0.2.tgz",
            "integrity": "sha512-AcfpWo+HkIuvq/H2zYjIMi2jxa2GWfYaTNiFTB2sigjkpWNM93CIlb7Cimy/4vNH8lVPp0GwLBjYIMRX6zOUyA==",
            "dev": true,
            "requires": {
                "@types/prosemirror-model": "*",
                "@types/prosemirror-state": "*"
            }
        },
        "@types/prosemirror-inputrules": {
            "version": "1.0.4",
            "resolved": "https://registry.npmjs.org/@types/prosemirror-inputrules/-/prosemirror-inputrules-1.0.4.tgz",
            "integrity": "sha512-lJIMpOjO47SYozQybUkpV6QmfuQt7GZKHtVrvS+mR5UekA8NMC5HRIVMyaIauJLWhKU6oaNjpVaXdw41kh165g==",
            "dev": true,
            "requires": {
                "@types/prosemirror-model": "*",
                "@types/prosemirror-state": "*"
            }
        },
        "@types/prosemirror-keymap": {
            "version": "1.0.4",
            "resolved": "https://registry.npmjs.org/@types/prosemirror-keymap/-/prosemirror-keymap-1.0.4.tgz",
            "integrity": "sha512-ycevwkqUh+jEQtPwqO7sWGcm+Sybmhu8MpBsM8DlO3+YTKnXbKA6SDz/+q14q1wK3UA8lHJyfR+v+GPxfUSemg==",
            "dev": true,
            "requires": {
                "@types/prosemirror-commands": "*",
                "@types/prosemirror-model": "*",
                "@types/prosemirror-state": "*",
                "@types/prosemirror-view": "*"
            }
        },
        "@types/prosemirror-model": {
            "version": "1.12.0",
            "resolved": "https://registry.npmjs.org/@types/prosemirror-model/-/prosemirror-model-1.12.0.tgz",
            "integrity": "sha512-IBiaUED/iiDOy3bmrRuQuwIsCFKNcF+S/3cU1+zGoHdrVtpTDtPkDyAo7OvirGfnpgp+QgrOLJveqnihGy3quA==",
            "dev": true,
            "requires": {
                "@types/orderedmap": "*"
            }
        },
        "@types/prosemirror-schema-basic": {
            "version": "1.0.2",
            "resolved": "https://registry.npmjs.org/@types/prosemirror-schema-basic/-/prosemirror-schema-basic-1.0.2.tgz",
            "integrity": "sha512-dzT/6t+dq8/On1be0yarcOIu8wROjhK8QB5wslpLbtTIr5wb0iQv/esJm/KAHcD/PBXR9nSV4TL5AtQmBrcRnw==",
            "dev": true,
            "requires": {
                "@types/prosemirror-model": "*"
            }
        },
        "@types/prosemirror-schema-list": {
            "version": "1.0.3",
            "resolved": "https://registry.npmjs.org/@types/prosemirror-schema-list/-/prosemirror-schema-list-1.0.3.tgz",
            "integrity": "sha512-uWybOf+M2Ea7rlbs0yLsS4YJYNGXYtn4N+w8HCw3Vvfl6wBAROzlMt0gV/D/VW/7J/LlAjwMezuGe8xi24HzXA==",
            "dev": true,
            "requires": {
                "@types/orderedmap": "*",
                "@types/prosemirror-model": "*",
                "@types/prosemirror-state": "*"
            }
        },
        "@types/prosemirror-state": {
            "version": "1.2.6",
            "resolved": "https://registry.npmjs.org/@types/prosemirror-state/-/prosemirror-state-1.2.6.tgz",
            "integrity": "sha512-tJo0wC+/cQvbrPDVx01Fnng9Fs41bAMVxgJY1KLOyIsUPN0otUN1KdoQurLMmHNHTvIna9ZXxjZD//xJKLYfJw==",
            "dev": true,
            "requires": {
                "@types/prosemirror-model": "*",
                "@types/prosemirror-transform": "*",
                "@types/prosemirror-view": "*"
            }
        },
        "@types/prosemirror-transform": {
            "version": "1.1.2",
            "resolved": "https://registry.npmjs.org/@types/prosemirror-transform/-/prosemirror-transform-1.1.2.tgz",
            "integrity": "sha512-Ozyvs5Dquc49gaFysmC4gNhv6E65r569HSzw4RXdZgIljZ5Y9K4kHFlDvsWBBDH19+1178X9LMmM9J620O6Bug==",
            "dev": true,
            "requires": {
                "@types/prosemirror-model": "*"
            }
        },
        "@types/prosemirror-view": {
            "version": "1.17.1",
            "resolved": "https://registry.npmjs.org/@types/prosemirror-view/-/prosemirror-view-1.17.1.tgz",
            "integrity": "sha512-PNiGGc6BffxHQzMR09UUilsBR8xFPDsKiPIXb4K/g56voPIvqq1pqySnWFfSR50Vo4ZL0tss3VBLWiiiKzVahQ==",
            "dev": true,
            "requires": {
                "@types/prosemirror-model": "*",
                "@types/prosemirror-state": "*",
                "@types/prosemirror-transform": "*"
            }
        },
        "orderedmap": {
            "version": "1.1.1",
            "resolved": "https://registry.npmjs.org/orderedmap/-/orderedmap-1.1.1.tgz",
            "integrity": "sha512-3Ux8um0zXbVacKUkcytc0u3HgC0b0bBLT+I60r2J/En72cI0nZffqrA7Xtf2Hqs27j1g82llR5Mhbd0Z1XW4AQ=="
        },
        "prosemirror-commands": {
            "version": "1.1.7",
            "resolved": "https://registry.npmjs.org/prosemirror-commands/-/prosemirror-commands-1.1.7.tgz",
            "integrity": "sha512-tuQr8q5euDjE+WAHWmu1JMLYWsPfUDH80QLLpnQrPYOPysO26FZyyHwEvA0+hUzvF8fOt1oMj0+/YM9UsPkZiA==",
            "requires": {
                "prosemirror-model": "^1.0.0",
                "prosemirror-state": "^1.0.0",
                "prosemirror-transform": "^1.0.0"
            }
        },
        "prosemirror-dropcursor": {
            "version": "1.3.3",
            "resolved": "https://registry.npmjs.org/prosemirror-dropcursor/-/prosemirror-dropcursor-1.3.3.tgz",
            "integrity": "sha512-zavE+wh+qkDcP7LaWn+jXVujGyQzBYSmM8E2HSngQ3KaaR+HJYgEBYGs9ynLHqKWLlLCXsxWdVYPV49v4caFyg==",
            "requires": {
                "prosemirror-state": "^1.0.0",
                "prosemirror-transform": "^1.1.0",
                "prosemirror-view": "^1.1.0"
            }
        },
        "prosemirror-gapcursor": {
            "version": "1.1.5",
            "resolved": "https://registry.npmjs.org/prosemirror-gapcursor/-/prosemirror-gapcursor-1.1.5.tgz",
            "integrity": "sha512-SjbUZq5pgsBDuV3hu8GqgIpZR5eZvGLM+gPQTqjVVYSMUCfKW3EGXTEYaLHEl1bGduwqNC95O3bZflgtAb4L6w==",
            "requires": {
                "prosemirror-keymap": "^1.0.0",
                "prosemirror-model": "^1.0.0",
                "prosemirror-state": "^1.0.0",
                "prosemirror-view": "^1.0.0"
            }
        },
        "prosemirror-history": {
            "version": "1.1.3",
            "resolved": "https://registry.npmjs.org/prosemirror-history/-/prosemirror-history-1.1.3.tgz",
            "integrity": "sha512-zGDotijea+vnfnyyUGyiy1wfOQhf0B/b6zYcCouBV8yo6JmrE9X23M5q7Nf/nATywEZbgRLG70R4DmfSTC+gfg==",
            "requires": {
                "prosemirror-state": "^1.2.2",
                "prosemirror-transform": "^1.0.0",
                "rope-sequence": "^1.3.0"
            }
        },
        "prosemirror-inputrules": {
            "version": "1.1.3",
            "resolved": "https://registry.npmjs.org/prosemirror-inputrules/-/prosemirror-inputrules-1.1.3.tgz",
            "integrity": "sha512-ZaHCLyBtvbyIHv0f5p6boQTIJjlD6o2NPZiEaZWT2DA+j591zS29QQEMT4lBqwcLW3qRSf7ZvoKNbf05YrsStw==",
            "requires": {
                "prosemirror-state": "^1.0.0",
                "prosemirror-transform": "^1.0.0"
            }
        },
        "prosemirror-keymap": {
            "version": "1.1.4",
            "resolved": "https://registry.npmjs.org/prosemirror-keymap/-/prosemirror-keymap-1.1.4.tgz",
            "integrity": "sha512-Al8cVUOnDFL4gcI5IDlG6xbZ0aOD/i3B17VT+1JbHWDguCgt/lBHVTHUBcKvvbSg6+q/W4Nj1Fu6bwZSca3xjg==",
            "requires": {
                "prosemirror-state": "^1.0.0",
                "w3c-keyname": "^2.2.0"
            }
        },
        "prosemirror-model": {
            "version": "1.13.3",
            "resolved": "https://registry.npmjs.org/prosemirror-model/-/prosemirror-model-1.13.3.tgz",
            "integrity": "sha512-wujIYYQEcxdkbKmIJiekVjqtylKxuoEcc+w2PnN7Itc58m/75J4rCUz2dibygVQJFi3gZrD2DNFLjOS6LP4w1g==",
            "requires": {
                "orderedmap": "^1.1.0"
            }
        },
        "prosemirror-schema-basic": {
            "version": "1.1.2",
            "resolved": "https://registry.npmjs.org/prosemirror-schema-basic/-/prosemirror-schema-basic-1.1.2.tgz",
            "integrity": "sha512-G4q8WflNsR1Q33QAV4MQO0xWrHLOJ+BQcKswGXMy626wlQj6c/1n1v4eC9ns+h2y1r/fJHZEgSZnsNhm9lbrDw==",
            "requires": {
                "prosemirror-model": "^1.2.0"
            }
        },
        "prosemirror-schema-list": {
            "version": "1.1.4",
            "resolved": "https://registry.npmjs.org/prosemirror-schema-list/-/prosemirror-schema-list-1.1.4.tgz",
            "integrity": "sha512-pNTuZflacFOBlxrTcWSdWhjoB8BaucwfJVp/gJNxztOwaN3wQiC65axclXyplf6TKgXD/EkWfS/QAov3/Znadw==",
            "requires": {
                "prosemirror-model": "^1.0.0",
                "prosemirror-transform": "^1.0.0"
            }
        },
        "prosemirror-state": {
            "version": "1.3.4",
            "resolved": "https://registry.npmjs.org/prosemirror-state/-/prosemirror-state-1.3.4.tgz",
            "integrity": "sha512-Xkkrpd1y/TQ6HKzN3agsQIGRcLckUMA9u3j207L04mt8ToRgpGeyhbVv0HI7omDORIBHjR29b7AwlATFFf2GLA==",
            "requires": {
                "prosemirror-model": "^1.0.0",
                "prosemirror-transform": "^1.0.0"
            }
        },
        "prosemirror-tables": {
            "version": "1.1.1",
            "resolved": "https://registry.npmjs.org/prosemirror-tables/-/prosemirror-tables-1.1.1.tgz",
            "integrity": "sha512-LmCz4jrlqQZRsYRDzCRYf/pQ5CUcSOyqZlAj5kv67ZWBH1SVLP2U9WJEvQfimWgeRlIz0y0PQVqO1arRm1+woA==",
            "requires": {
                "prosemirror-keymap": "^1.1.2",
                "prosemirror-model": "^1.8.1",
                "prosemirror-state": "^1.3.1",
                "prosemirror-transform": "^1.2.1",
                "prosemirror-view": "^1.13.3"
            }
        },
        "prosemirror-transform": {
            "version": "1.2.12",
            "resolved": "https://registry.npmjs.org/prosemirror-transform/-/prosemirror-transform-1.2.12.tgz",
            "integrity": "sha512-S73syqLcGBq6QiPaF7vriB8kpvK/aIFsnErrriKaFLSiE/GxMgBc62TPhNQAeGQr7/9GCDApIReTsJFcMt4o2w==",
            "requires": {
                "prosemirror-model": "^1.0.0"
            }
        },
        "prosemirror-utils": {
            "version": "0.9.6",
            "resolved": "https://registry.npmjs.org/prosemirror-utils/-/prosemirror-utils-0.9.6.tgz",
            "integrity": "sha512-UC+j9hQQ1POYfMc5p7UFxBTptRiGPR7Kkmbl3jVvU8VgQbkI89tR/GK+3QYC8n+VvBZrtAoCrJItNhWSxX3slA=="
        },
        "prosemirror-view": {
            "version": "1.18.1",
            "resolved": "https://registry.npmjs.org/prosemirror-view/-/prosemirror-view-1.18.1.tgz",
            "integrity": "sha512-TZd8byDRfdopLiokBY7T27msCSfWqqRxWs/LnBbdI030F+iI2kS+tO59/XFnpZxMLFKlJgOgGGhM9SzD1Nwdxw==",
            "requires": {
                "prosemirror-model": "^1.1.0",
                "prosemirror-state": "^1.0.0",
                "prosemirror-transform": "^1.1.0"
            }
        },
        "rope-sequence": {
            "version": "1.3.2",
            "resolved": "https://registry.npmjs.org/rope-sequence/-/rope-sequence-1.3.2.tgz",
            "integrity": "sha512-ku6MFrwEVSVmXLvy3dYph3LAMNS0890K7fabn+0YIRQ2T96T9F4gkFf0vf0WW0JUraNWwGRtInEpH7yO4tbQZg=="
        },
        "w3c-keyname": {
            "version": "2.2.4",
            "resolved": "https://registry.npmjs.org/w3c-keyname/-/w3c-keyname-2.2.4.tgz",
            "integrity": "sha512-tOhfEwEzFLJzf6d1ZPkYfGj+FWhIpBux9ppoP3rlclw3Z0BZv3N7b7030Z1kYth+6rDuAsXUFr+d0VE6Ed1ikw=="
        }
    }
}
