{
    "requires": true,
    "lockfileVersion": 1,
    "dependencies": {
        "@types/orderedmap": {
            "version": "1.0.0",
            "resolved": "https://registry.npmjs.org/@types/orderedmap/-/orderedmap-1.0.0.tgz",
            "integrity": "sha512-dxKo80TqYx3YtBipHwA/SdFmMMyLCnP+5mkEqN0eMjcTBzHkiiX0ES118DsjDBjvD+zeSsSU9jULTZ+frog+Gw==",
            "dev": true
        },
        "@types/prosemirror-commands": {
            "version": "1.0.4",
            "resolved": "https://registry.npmjs.org/@types/prosemirror-commands/-/prosemirror-commands-1.0.4.tgz",
            "integrity": "sha512-utDNYB3EXLjAfYIcRWJe6pn3kcQ5kG4RijbT/0Y/TFOm6yhvYS/D9eJVnijdg9LDjykapcezchxGRqFD5LcyaQ==",
            "dev": true,
            "requires": {
                "@types/prosemirror-model": "*",
                "@types/prosemirror-state": "*",
                "@types/prosemirror-view": "*"
            }
        },
        "@types/prosemirror-dropcursor": {
            "version": "1.0.3",
            "resolved": "https://registry.npmjs.org/@types/prosemirror-dropcursor/-/prosemirror-dropcursor-1.0.3.tgz",
            "integrity": "sha512-b0/8njnJ4lwyHKcGuCMf3x7r1KjxyugB1R/c2iMCjplsJHSC7UY9+OysqgJR5uUXRekUSGniiLgBtac/lvH6wg==",
            "dev": true,
            "requires": {
                "@types/prosemirror-state": "*"
            }
        },
        "@types/prosemirror-gapcursor": {
            "version": "1.0.4",
            "resolved": "https://registry.npmjs.org/@types/prosemirror-gapcursor/-/prosemirror-gapcursor-1.0.4.tgz",
            "integrity": "sha512-9xKjFIG5947dzerFvkLWp6F53JwrUYoYwh3SgcTFEp8SbSfNNrez/PFYVZKPnoqPoaK5WtTdQTaMwpCV9rXQIg==",
            "dev": true,
            "requires": {
                "@types/prosemirror-model": "*",
                "@types/prosemirror-state": "*"
            }
        },
        "@types/prosemirror-history": {
            "version": "1.0.3",
            "resolved": "https://registry.npmjs.org/@types/prosemirror-history/-/prosemirror-history-1.0.3.tgz",
            "integrity": "sha512-5TloMDRavgLjOAKXp1Li8u0xcsspzbT1Cm9F2pwHOkgvQOz1jWQb2VIXO7RVNsFjLBZdIXlyfSLivro3DuMWXg==",
            "dev": true,
            "requires": {
                "@types/prosemirror-model": "*",
                "@types/prosemirror-state": "*"
            }
        },
        "@types/prosemirror-inputrules": {
            "version": "1.0.4",
            "resolved": "https://registry.npmjs.org/@types/prosemirror-inputrules/-/prosemirror-inputrules-1.0.4.tgz",
            "integrity": "sha512-lJIMpOjO47SYozQybUkpV6QmfuQt7GZKHtVrvS+mR5UekA8NMC5HRIVMyaIauJLWhKU6oaNjpVaXdw41kh165g==",
            "dev": true,
            "requires": {
                "@types/prosemirror-model": "*",
                "@types/prosemirror-state": "*"
            }
        },
        "@types/prosemirror-keymap": {
            "version": "1.0.4",
            "resolved": "https://registry.npmjs.org/@types/prosemirror-keymap/-/prosemirror-keymap-1.0.4.tgz",
            "integrity": "sha512-ycevwkqUh+jEQtPwqO7sWGcm+Sybmhu8MpBsM8DlO3+YTKnXbKA6SDz/+q14q1wK3UA8lHJyfR+v+GPxfUSemg==",
            "dev": true,
            "requires": {
                "@types/prosemirror-commands": "*",
                "@types/prosemirror-model": "*",
                "@types/prosemirror-state": "*",
                "@types/prosemirror-view": "*"
            }
        },
        "@types/prosemirror-model": {
            "version": "1.13.2",
            "resolved": "https://registry.npmjs.org/@types/prosemirror-model/-/prosemirror-model-1.13.2.tgz",
            "integrity": "sha512-a2rDB0aZ+7aIP7uBqQq1wLb4Hg4qqEvpkCqvhsgT/gG8IWC0peCAZfQ24sgTco0qSJLeDgIbtPeU6mgr869/kg==",
            "dev": true,
            "requires": {
                "@types/orderedmap": "*"
            }
        },
        "@types/prosemirror-schema-basic": {
            "version": "1.0.2",
            "resolved": "https://registry.npmjs.org/@types/prosemirror-schema-basic/-/prosemirror-schema-basic-1.0.2.tgz",
            "integrity": "sha512-dzT/6t+dq8/On1be0yarcOIu8wROjhK8QB5wslpLbtTIr5wb0iQv/esJm/KAHcD/PBXR9nSV4TL5AtQmBrcRnw==",
            "dev": true,
            "requires": {
                "@types/prosemirror-model": "*"
            }
        },
        "@types/prosemirror-schema-list": {
            "version": "1.0.3",
            "resolved": "https://registry.npmjs.org/@types/prosemirror-schema-list/-/prosemirror-schema-list-1.0.3.tgz",
            "integrity": "sha512-uWybOf+M2Ea7rlbs0yLsS4YJYNGXYtn4N+w8HCw3Vvfl6wBAROzlMt0gV/D/VW/7J/LlAjwMezuGe8xi24HzXA==",
            "dev": true,
            "requires": {
                "@types/orderedmap": "*",
                "@types/prosemirror-model": "*",
                "@types/prosemirror-state": "*"
            }
        },
        "@types/prosemirror-state": {
            "version": "1.2.8",
            "resolved": "https://registry.npmjs.org/@types/prosemirror-state/-/prosemirror-state-1.2.8.tgz",
            "integrity": "sha512-mq9uyQWcpu8jeamO6Callrdvf/e1H/aRLR2kZWSpZrPHctEsxWHBbluD/wqVjXBRIOoMHLf6ZvOkrkmGLoCHVA==",
            "dev": true,
            "requires": {
                "@types/prosemirror-model": "*",
                "@types/prosemirror-transform": "*",
                "@types/prosemirror-view": "*"
            }
        },
        "@types/prosemirror-transform": {
            "version": "1.1.4",
            "resolved": "https://registry.npmjs.org/@types/prosemirror-transform/-/prosemirror-transform-1.1.4.tgz",
            "integrity": "sha512-HP1PauvkqSgDquZut8HaLOTUDQ6jja/LAy4OA7tTS1XG7wqRnX3gLUyEj0mD6vFd4y8BPkNddNdOh/BeGHlUjg==",
            "dev": true,
            "requires": {
                "@types/prosemirror-model": "*"
            }
        },
        "@types/prosemirror-view": {
            "version": "1.19.2",
            "resolved": "https://registry.npmjs.org/@types/prosemirror-view/-/prosemirror-view-1.19.2.tgz",
            "integrity": "sha512-pmh2DuMJzva4D7SxspRKIzkV6FK2o52uAqGjq2dPYcQFPwu4+5RcS1TMjFVCh1R+Ia1Rx8wsCNIId/5+6DB0Bg==",
            "dev": true,
            "requires": {
                "@types/prosemirror-model": "*",
                "@types/prosemirror-state": "*",
                "@types/prosemirror-transform": "*"
            }
        },
        "orderedmap": {
            "version": "1.1.1",
            "resolved": "https://registry.npmjs.org/orderedmap/-/orderedmap-1.1.1.tgz",
            "integrity": "sha512-3Ux8um0zXbVacKUkcytc0u3HgC0b0bBLT+I60r2J/En72cI0nZffqrA7Xtf2Hqs27j1g82llR5Mhbd0Z1XW4AQ=="
        },
        "prosemirror-commands": {
            "version": "1.1.12",
            "resolved": "https://registry.npmjs.org/prosemirror-commands/-/prosemirror-commands-1.1.12.tgz",
            "integrity": "sha512-+CrMs3w/ZVPSkR+REg8KL/clyFLv/1+SgY/OMN+CB22Z24j9TZDje72vL36lOZ/E4NeRXuiCcmENcW/vAcG67A==",
            "requires": {
                "prosemirror-model": "^1.0.0",
                "prosemirror-state": "^1.0.0",
                "prosemirror-transform": "^1.0.0"
            }
        },
        "prosemirror-dropcursor": {
            "version": "1.4.0",
            "resolved": "https://registry.npmjs.org/prosemirror-dropcursor/-/prosemirror-dropcursor-1.4.0.tgz",
            "integrity": "sha512-6+YwTjmqDwlA/Dm+5wK67ezgqgjA/MhSDgaNxKUzH97SmeuWFXyLeDRxxOPZeSo7yTxcDGUCWTEjmQZsVBuMrQ==",
            "requires": {
                "prosemirror-state": "^1.0.0",
                "prosemirror-transform": "^1.1.0",
                "prosemirror-view": "^1.1.0"
            }
        },
        "prosemirror-gapcursor": {
            "version": "1.2.0",
            "resolved": "https://registry.npmjs.org/prosemirror-gapcursor/-/prosemirror-gapcursor-1.2.0.tgz",
            "integrity": "sha512-yCLy5+0rVqLir/KcHFathQj4Rf8aRHi80FmEfKtM0JmyzvwdomslLzDZ/pX4oFhFKDgjl/WBBBFNqDyNifWg7g==",
            "requires": {
                "prosemirror-keymap": "^1.0.0",
                "prosemirror-model": "^1.0.0",
                "prosemirror-state": "^1.0.0",
                "prosemirror-view": "^1.0.0"
            }
        },
        "prosemirror-history": {
            "version": "1.2.0",
            "resolved": "https://registry.npmjs.org/prosemirror-history/-/prosemirror-history-1.2.0.tgz",
            "integrity": "sha512-B9v9xtf4fYbKxQwIr+3wtTDNLDZcmMMmGiI3TAPShnUzvo+Rmv1GiUrsQChY1meetHl7rhML2cppF3FTs7f7UQ==",
            "requires": {
                "prosemirror-state": "^1.2.2",
                "prosemirror-transform": "^1.0.0",
                "rope-sequence": "^1.3.0"
            }
        },
        "prosemirror-inputrules": {
            "version": "1.1.3",
            "resolved": "https://registry.npmjs.org/prosemirror-inputrules/-/prosemirror-inputrules-1.1.3.tgz",
            "integrity": "sha512-ZaHCLyBtvbyIHv0f5p6boQTIJjlD6o2NPZiEaZWT2DA+j591zS29QQEMT4lBqwcLW3qRSf7ZvoKNbf05YrsStw==",
            "requires": {
                "prosemirror-state": "^1.0.0",
                "prosemirror-transform": "^1.0.0"
            }
        },
        "prosemirror-keymap": {
            "version": "1.1.5",
            "resolved": "https://registry.npmjs.org/prosemirror-keymap/-/prosemirror-keymap-1.1.5.tgz",
            "integrity": "sha512-8SZgPH3K+GLsHL2wKuwBD9rxhsbnVBTwpHCO4VUO5GmqUQlxd/2GtBVWTsyLq4Dp3N9nGgPd3+lZFKUDuVp+Vw==",
            "requires": {
                "prosemirror-state": "^1.0.0",
                "w3c-keyname": "^2.2.0"
            }
        },
        "prosemirror-model": {
            "version": "1.15.0",
            "resolved": "https://registry.npmjs.org/prosemirror-model/-/prosemirror-model-1.15.0.tgz",
            "integrity": "sha512-hQJv7SnIhlAy9ga3lhPPgaufhvCbQB9tHwscJ9E1H1pPHmN8w5V/lURueoYv9Kc3/bpNWoyHa8r3g//m7N0ChQ==",
            "requires": {
                "orderedmap": "^1.1.0"
            }
        },
        "prosemirror-schema-basic": {
            "version": "1.1.2",
            "resolved": "https://registry.npmjs.org/prosemirror-schema-basic/-/prosemirror-schema-basic-1.1.2.tgz",
            "integrity": "sha512-G4q8WflNsR1Q33QAV4MQO0xWrHLOJ+BQcKswGXMy626wlQj6c/1n1v4eC9ns+h2y1r/fJHZEgSZnsNhm9lbrDw==",
            "requires": {
                "prosemirror-model": "^1.2.0"
            }
        },
        "prosemirror-schema-list": {
            "version": "1.1.6",
            "resolved": "https://registry.npmjs.org/prosemirror-schema-list/-/prosemirror-schema-list-1.1.6.tgz",
            "integrity": "sha512-aFGEdaCWmJzouZ8DwedmvSsL50JpRkqhQ6tcpThwJONVVmCgI36LJHtoQ4VGZbusMavaBhXXr33zyD2IVsTlkw==",
            "requires": {
                "prosemirror-model": "^1.0.0",
                "prosemirror-transform": "^1.0.0"
            }
        },
        "prosemirror-state": {
            "version": "1.3.4",
            "resolved": "https://registry.npmjs.org/prosemirror-state/-/prosemirror-state-1.3.4.tgz",
            "integrity": "sha512-Xkkrpd1y/TQ6HKzN3agsQIGRcLckUMA9u3j207L04mt8ToRgpGeyhbVv0HI7omDORIBHjR29b7AwlATFFf2GLA==",
            "requires": {
                "prosemirror-model": "^1.0.0",
                "prosemirror-transform": "^1.0.0"
            }
        },
        "prosemirror-tables": {
            "version": "1.1.1",
            "resolved": "https://registry.npmjs.org/prosemirror-tables/-/prosemirror-tables-1.1.1.tgz",
            "integrity": "sha512-LmCz4jrlqQZRsYRDzCRYf/pQ5CUcSOyqZlAj5kv67ZWBH1SVLP2U9WJEvQfimWgeRlIz0y0PQVqO1arRm1+woA==",
            "requires": {
                "prosemirror-keymap": "^1.1.2",
                "prosemirror-model": "^1.8.1",
                "prosemirror-state": "^1.3.1",
                "prosemirror-transform": "^1.2.1",
                "prosemirror-view": "^1.13.3"
            }
        },
        "prosemirror-transform": {
            "version": "1.3.3",
            "resolved": "https://registry.npmjs.org/prosemirror-transform/-/prosemirror-transform-1.3.3.tgz",
            "integrity": "sha512-9NLVXy1Sfa2G6qPqhWMkEvwQQMTw7OyTqOZbJaGQWsCeH3hH5Cw+c5eNaLM1Uu75EyKLsEZhJ93XpHJBa6RX8A==",
            "requires": {
                "prosemirror-model": "^1.0.0"
            }
        },
        "prosemirror-utils": {
            "version": "0.9.6",
            "resolved": "https://registry.npmjs.org/prosemirror-utils/-/prosemirror-utils-0.9.6.tgz",
            "integrity": "sha512-UC+j9hQQ1POYfMc5p7UFxBTptRiGPR7Kkmbl3jVvU8VgQbkI89tR/GK+3QYC8n+VvBZrtAoCrJItNhWSxX3slA=="
        },
        "prosemirror-view": {
            "version": "1.23.3",
            "resolved": "https://registry.npmjs.org/prosemirror-view/-/prosemirror-view-1.23.3.tgz",
            "integrity": "sha512-89icyMdXXwxmTxYj0TIuG5M/d0iKeu79tr+PVtC/4qtCOoHrPSPrblJcFOuOWcxGlA/Ei8PqJB4g5HkKR8jWvQ==",
            "requires": {
                "prosemirror-model": "^1.14.3",
                "prosemirror-state": "^1.0.0",
                "prosemirror-transform": "^1.1.0"
            }
        },
        "rope-sequence": {
            "version": "1.3.2",
            "resolved": "https://registry.npmjs.org/rope-sequence/-/rope-sequence-1.3.2.tgz",
            "integrity": "sha512-ku6MFrwEVSVmXLvy3dYph3LAMNS0890K7fabn+0YIRQ2T96T9F4gkFf0vf0WW0JUraNWwGRtInEpH7yO4tbQZg=="
        },
        "w3c-keyname": {
            "version": "2.2.4",
            "resolved": "https://registry.npmjs.org/w3c-keyname/-/w3c-keyname-2.2.4.tgz",
            "integrity": "sha512-tOhfEwEzFLJzf6d1ZPkYfGj+FWhIpBux9ppoP3rlclw3Z0BZv3N7b7030Z1kYth+6rDuAsXUFr+d0VE6Ed1ikw=="
        }
    }
}
